
Microsoft Visual Studio Solution File, Format Version 12.00
# Visual Studio Version 17
VisualStudioVersion = 17.4.33122.133
MinimumVisualStudioVersion = 10.0.40219.1
Project("{FAE04EC0-301F-11D3-BF4B-00C04F79EFBC}") = "DateTimeConverter", "DateTimeConverter\DateTimeConverter.csproj", "{C391DC73-4851-4263-B732-FEFDF1C5DC17}"
EndProject
Global
	GlobalSection(SolutionConfigurationPlatforms) = preSolution
		Debug|Any CPU = Debug|Any CPU
		Release|Any CPU = Release|Any CPU
	EndGlobalSection
	GlobalSection(ProjectConfigurationPlatforms) = postSolution
		{C391DC73-4851-4263-B732-FEFDF1C5DC17}.Debug|Any CPU.ActiveCfg = Debug|Any CPU
		{C391DC73-4851-4263-B732-FEFDF1C5DC17}.Debug|Any CPU.Build.0 = Debug|Any CPU
		{C391DC73-4851-4263-B732-FEFDF1C5DC17}.Release|Any CPU.ActiveCfg = Release|Any CPU
		{C391DC73-4851-4263-B732-FEFDF1C5DC17}.Release|Any CPU.Build.0 = Release|Any CPU
	EndGlobalSection
	GlobalSection(SolutionProperties) = preSolution
		HideSolutionNode = FALSE
	EndGlobalSection
	GlobalSection(ExtensibilityGlobals) = postSolution
		SolutionGuid = {B4B40135-9B3E-493F-9CA6-49D8B9E106EE}
	EndGlobalSection
EndGlobal
